
Microsoft Visual Studio Solution File, Format Version 12.00
# Visual Studio 15
VisualStudioVersion = 15.0.28307.106
MinimumVisualStudioVersion = 10.0.40219.1
Project("{FAE04EC0-301F-11D3-BF4B-00C04F79EFBC}") = "CoreShop", "CoreShop\CoreShop.csproj", "{2F351463-B392-4822-A86E-2A4E2582D839}"
EndProject
Global
	GlobalSection(SolutionConfigurationPlatforms) = preSolution
		Debug|Any CPU = Debug|Any CPU
		Release|Any CPU = Release|Any CPU
	EndGlobalSection
	GlobalSection(ProjectConfigurationPlatforms) = postSolution
		{2F351463-B392-4822-A86E-2A4E2582D839}.Debug|Any CPU.ActiveCfg = Debug|Any CPU
		{2F351463-B392-4822-A86E-2A4E2582D839}.Debug|Any CPU.Build.0 = Debug|Any CPU
		{2F351463-B392-4822-A86E-2A4E2582D839}.Release|Any CPU.ActiveCfg = Release|Any CPU
		{2F351463-B392-4822-A86E-2A4E2582D839}.Release|Any CPU.Build.0 = Release|Any CPU
	EndGlobalSection
	GlobalSection(SolutionProperties) = preSolution
		HideSolutionNode = FALSE
	EndGlobalSection
	GlobalSection(ExtensibilityGlobals) = postSolution
		SolutionGuid = {ED38EF21-8C0E-49F9-B400-72ED59CFD594}
	EndGlobalSection
EndGlobal
